// !$*UTF8*$!
{
	archiveVersion = 1;
	classes = {
	};
	objectVersion = 46;
	objects = {

/* Begin PBXBuildFile section */
		6CE74B461BE81A3A00DEC871 /* AppDelegate.swift in Sources */ = {isa = PBXBuildFile; fileRef = 6CE74B451BE81A3A00DEC871 /* AppDelegate.swift */; };
		6CE74B481BE81A3A00DEC871 /* ViewController.swift in Sources */ = {isa = PBXBuildFile; fileRef = 6CE74B471BE81A3A00DEC871 /* ViewController.swift */; };
		6CE74B4B1BE81A3A00DEC871 /* Main.storyboard in Resources */ = {isa = PBXBuildFile; fileRef = 6CE74B491BE81A3A00DEC871 /* Main.storyboard */; };
		6CE74B4D1BE81A3A00DEC871 /* Images.xcassets in Resources */ = {isa = PBXBuildFile; fileRef = 6CE74B4C1BE81A3A00DEC871 /* Images.xcassets */; };
		6CE74B501BE81A3A00DEC871 /* LaunchScreen.xib in Resources */ = {isa = PBXBuildFile; fileRef = 6CE74B4E1BE81A3A00DEC871 /* LaunchScreen.xib */; };
		6CE74B5C1BE81A3A00DEC871 /* helloBillboTests.swift in Sources */ = {isa = PBXBuildFile; fileRef = 6CE74B5B1BE81A3A00DEC871 /* helloBillboTests.swift */; };
/* End PBXBuildFile section */

/* Begin PBXContainerItemProxy section */
		6CE74B561BE81A3A00DEC871 /* PBXContainerItemProxy */ = {
			isa = PBXContainerItemProxy;
			containerPortal = 6CE74B381BE81A3A00DEC871 /* Project object */;
			proxyType = 1;
			remoteGlobalIDString = 6CE74B3F1BE81A3A00DEC871;
			remoteInfo = helloBillbo;
		};
/* End PBXContainerItemProxy section */

/* Begin PBXFileReference section */
		6CE74B401BE81A3A00DEC871 /* helloBillbo.app */ = {isa = PBXFileReference; explicitFileType = wrapper.application; includeInIndex = 0; path = helloBillbo.app; sourceTree = BUILT_PRODUCTS_DIR; };
		6CE74B441BE81A3A00DEC871 /* Info.plist */ = {isa = PBXFileReference; lastKnownFileType = text.plist.xml; path = Info.plist; sourceTree = "<group>"; };
		6CE74B451BE81A3A00DEC871 /* AppDelegate.swift */ = {isa = PBXFileReference; lastKnownFileType = sourcecode.swift; path = AppDelegate.swift; sourceTree = "<group>"; };
		6CE74B471BE81A3A00DEC871 /* ViewController.swift */ = {isa = PBXFileReference; lastKnownFileType = sourcecode.swift; path = ViewController.swift; sourceTree = "<group>"; };
		6CE74B4A1BE81A3A00DEC871 /* Base */ = {isa = PBXFileReference; lastKnownFileType = file.storyboard; name = Base; path = Base.lproj/Main.storyboard; sourceTree = "<group>"; };
		6CE74B4C1BE81A3A00DEC871 /* Images.xcassets */ = {isa = PBXFileReference; lastKnownFileType = folder.assetcatalog; path = Images.xcassets; sourceTree = "<group>"; };
		6CE74B4F1BE81A3A00DEC871 /* Base */ = {isa = PBXFileReference; lastKnownFileType = file.xib; name = Base; path = Base.lproj/LaunchScreen.xib; sourceTree = "<group>"; };
		6CE74B551BE81A3A00DEC871 /* helloBillboTests.xctest */ = {isa = PBXFileReference; explicitFileType = wrapper.cfbundle; includeInIndex = 0; path = helloBillboTests.xctest; sourceTree = BUILT_PRODUCTS_DIR; };
		6CE74B5A1BE81A3A00DEC871 /* Info.plist */ = {isa = PBXFileReference; lastKnownFileType = text.plist.xml; path = Info.plist; sourceTree = "<group>"; };
		6CE74B5B1BE81A3A00DEC871 /* helloBillboTests.swift */ = {isa = PBXFileReference; lastKnownFileType = sourcecode.swift; path = helloBillboTests.swift; sourceTree = "<group>"; };
/* End PBXFileReference section */

/* Begin PBXFrameworksBuildPhase section */
		6CE74B3D1BE81A3A00DEC871 /* Frameworks */ = {
			isa = PBXFrameworksBuildPhase;
			buildActionMask = 2147483647;
			files = (
			);
			runOnlyForDeploymentPostprocessing = 0;
		};
		6CE74B521BE81A3A00DEC871 /* Frameworks */ = {
			isa = PBXFrameworksBuildPhase;
			buildActionMask = 2147483647;
			files = (
			);
			runOnlyForDeploymentPostprocessing = 0;
		};
/* End PBXFrameworksBuildPhase section */

/* Begin PBXGroup section */
		6CE74B371BE81A3A00DEC871 = {
			isa = PBXGroup;
			children = (
				6CE74B421BE81A3A00DEC871 /* helloBillbo */,
				6CE74B581BE81A3A00DEC871 /* helloBillboTests */,
				6CE74B411BE81A3A00DEC871 /* Products */,
			);
			sourceTree = "<group>";
		};
		6CE74B411BE81A3A00DEC871 /* Products */ = {
			isa = PBXGroup;
			children = (
				6CE74B401BE81A3A00DEC871 /* helloBillbo.app */,
				6CE74B551BE81A3A00DEC871 /* helloBillboTests.xctest */,
			);
			name = Products;
			sourceTree = "<group>";
		};
		6CE74B421BE81A3A00DEC871 /* helloBillbo */ = {
			isa = PBXGroup;
			children = (
				6CE74B451BE81A3A00DEC871 /* AppDelegate.swift */,
				6CE74B471BE81A3A00DEC871 /* ViewController.swift */,
				6CE74B491BE81A3A00DEC871 /* Main.storyboard */,
				6CE74B4C1BE81A3A00DEC871 /* Images.xcassets */,
				6CE74B4E1BE81A3A00DEC871 /* LaunchScreen.xib */,
				6CE74B431BE81A3A00DEC871 /* Supporting Files */,
			);
			path = helloBillbo;
			sourceTree = "<group>";
		};
		6CE74B431BE81A3A00DEC871 /* Supporting Files */ = {
			isa = PBXGroup;
			children = (
				6CE74B441BE81A3A00DEC871 /* Info.plist */,
			);
			name = "Supporting Files";
			sourceTree = "<group>";
		};
		6CE74B581BE81A3A00DEC871 /* helloBillboTests */ = {
			isa = PBXGroup;
			children = (
				6CE74B5B1BE81A3A00DEC871 /* helloBillboTests.swift */,
				6CE74B591BE81A3A00DEC871 /* Supporting Files */,
			);
			path = helloBillboTests;
			sourceTree = "<group>";
		};
		6CE74B591BE81A3A00DEC871 /* Supporting Files */ = {
			isa = PBXGroup;
			children = (
				6CE74B5A1BE81A3A00DEC871 /* Info.plist */,
			);
			name = "Supporting Files";
			sourceTree = "<group>";
		};
/* End PBXGroup section */

/* Begin PBXNativeTarget section */
		6CE74B3F1BE81A3A00DEC871 /* helloBillbo */ = {
			isa = PBXNativeTarget;
			buildConfigurationList = 6CE74B5F1BE81A3A00DEC871 /* Build configuration list for PBXNativeTarget "helloBillbo" */;
			buildPhases = (
				6CE74B3C1BE81A3A00DEC871 /* Sources */,
				6CE74B3D1BE81A3A00DEC871 /* Frameworks */,
				6CE74B3E1BE81A3A00DEC871 /* Resources */,
			);
			buildRules = (
			);
			dependencies = (
			);
			name = helloBillbo;
			productName = helloBillbo;
			productReference = 6CE74B401BE81A3A00DEC871 /* helloBillbo.app */;
			productType = "com.apple.product-type.application";
		};
		6CE74B541BE81A3A00DEC871 /* helloBillboTests */ = {
			isa = PBXNativeTarget;
			buildConfigurationList = 6CE74B621BE81A3A00DEC871 /* Build configuration list for PBXNativeTarget "helloBillboTests" */;
			buildPhases = (
				6CE74B511BE81A3A00DEC871 /* Sources */,
				6CE74B521BE81A3A00DEC871 /* Frameworks */,
				6CE74B531BE81A3A00DEC871 /* Resources */,
			);
			buildRules = (
			);
			dependencies = (
				6CE74B571BE81A3A00DEC871 /* PBXTargetDependency */,
			);
			name = helloBillboTests;
			productName = helloBillboTests;
			productReference = 6CE74B551BE81A3A00DEC871 /* helloBillboTests.xctest */;
			productType = "com.apple.product-type.bundle.unit-test";
		};
/* End PBXNativeTarget section */

/* Begin PBXProject section */
		6CE74B381BE81A3A00DEC871 /* Project object */ = {
			isa = PBXProject;
			attributes = {
				LastUpgradeCheck = 0640;
				ORGANIZATIONNAME = "Yinghui Wang";
				TargetAttributes = {
					6CE74B3F1BE81A3A00DEC871 = {
						CreatedOnToolsVersion = 6.4;
					};
					6CE74B541BE81A3A00DEC871 = {
						CreatedOnToolsVersion = 6.4;
						TestTargetID = 6CE74B3F1BE81A3A00DEC871;
					};
				};
			};
			buildConfigurationList = 6CE74B3B1BE81A3A00DEC871 /* Build configuration list for PBXProject "helloBillbo" */;
			compatibilityVersion = "Xcode 3.2";
			developmentRegion = English;
			hasScannedForEncodings = 0;
			knownRegions = (
				en,
				Base,
			);
			mainGroup = 6CE74B371BE81A3A00DEC871;
			productRefGroup = 6CE74B411BE81A3A00DEC871 /* Products */;
			projectDirPath = "";
			projectRoot = "";
			targets = (
				6CE74B3F1BE81A3A00DEC871 /* helloBillbo */,
				6CE74B541BE81A3A00DEC871 /* helloBillboTests */,
			);
		};
/* End PBXProject section */

/* Begin PBXResourcesBuildPhase section */
		6CE74B3E1BE81A3A00DEC871 /* Resources */ = {
			isa = PBXResourcesBuildPhase;
			buildActionMask = 2147483647;
			files = (
				6CE74B4B1BE81A3A00DEC871 /* Main.storyboard in Resources */,
				6CE74B501BE81A3A00DEC871 /* LaunchScreen.xib in Resources */,
				6CE74B4D1BE81A3A00DEC871 /* Images.xcassets in Resources */,
			);
			runOnlyForDeploymentPostprocessing = 0;
		};
		6CE74B531BE81A3A00DEC871 /* Resources */ = {
			isa = PBXResourcesBuildPhase;
			buildActionMask = 2147483647;
			files = (
			);
			runOnlyForDeploymentPostprocessing = 0;
		};
/* End PBXResourcesBuildPhase section */

/* Begin PBXSourcesBuildPhase section */
		6CE74B3C1BE81A3A00DEC871 /* Sources */ = {
			isa = PBXSourcesBuildPhase;
			buildActionMask = 2147483647;
			files = (
				6CE74B481BE81A3A00DEC871 /* ViewController.swift in Sources */,
				6CE74B461BE81A3A00DEC871 /* AppDelegate.swift in Sources */,
			);
			runOnlyForDeploymentPostprocessing = 0;
		};
		6CE74B511BE81A3A00DEC871 /* Sources */ = {
			isa = PBXSourcesBuildPhase;
			buildActionMask = 2147483647;
			files = (
				6CE74B5C1BE81A3A00DEC871 /* helloBillboTests.swift in Sources */,
			);
			runOnlyForDeploymentPostprocessing = 0;
		};
/* End PBXSourcesBuildPhase section */

/* Begin PBXTargetDependency section */
		6CE74B571BE81A3A00DEC871 /* PBXTargetDependency */ = {
			isa = PBXTargetDependency;
			target = 6CE74B3F1BE81A3A00DEC871 /* helloBillbo */;
			targetProxy = 6CE74B561BE81A3A00DEC871 /* PBXContainerItemProxy */;
		};
/* End PBXTargetDependency section */

/* Begin PBXVariantGroup section */
		6CE74B491BE81A3A00DEC871 /* Main.storyboard */ = {
			isa = PBXVariantGroup;
			children = (
				6CE74B4A1BE81A3A00DEC871 /* Base */,
			);
			name = Main.storyboard;
			sourceTree = "<group>";
		};
		6CE74B4E1BE81A3A00DEC871 /* LaunchScreen.xib */ = {
			isa = PBXVariantGroup;
			children = (
				6CE74B4F1BE81A3A00DEC871 /* Base */,
			);
			name = LaunchScreen.xib;
			sourceTree = "<group>";
		};
/* End PBXVariantGroup section */

/* Begin XCBuildConfiguration section */
		6CE74B5D1BE81A3A00DEC871 /* Debug */ = {
			isa = XCBuildConfiguration;
			buildSettings = {
				ALWAYS_SEARCH_USER_PATHS = NO;
				CLANG_CXX_LANGUAGE_STANDARD = "gnu++0x";
				CLANG_CXX_LIBRARY = "libc++";
				CLANG_ENABLE_MODULES = YES;
				CLANG_ENABLE_OBJC_ARC = YES;
				CLANG_WARN_BOOL_CONVERSION = YES;
				CLANG_WARN_CONSTANT_CONVERSION = YES;
				CLANG_WARN_DIRECT_OBJC_ISA_USAGE = YES_ERROR;
				CLANG_WARN_EMPTY_BODY = YES;
				CLANG_WARN_ENUM_CONVERSION = YES;
				CLANG_WARN_INT_CONVERSION = YES;
				CLANG_WARN_OBJC_ROOT_CLASS = YES_ERROR;
				CLANG_WARN_UNREACHABLE_CODE = YES;
				CLANG_WARN__DUPLICATE_METHOD_MATCH = YES;
				"CODE_SIGN_IDENTITY[sdk=iphoneos*]" = "iPhone Developer";
				COPY_PHASE_STRIP = NO;
				DEBUG_INFORMATION_FORMAT = "dwarf-with-dsym";
				ENABLE_STRICT_OBJC_MSGSEND = YES;
				GCC_C_LANGUAGE_STANDARD = gnu99;
				GCC_DYNAMIC_NO_PIC = NO;
				GCC_NO_COMMON_BLOCKS = YES;
				GCC_OPTIMIZATION_LEVEL = 0;
				GCC_PREPROCESSOR_DEFINITIONS = (
					"DEBUG=1",
					"$(inherited)",
				);
				GCC_SYMBOLS_PRIVATE_EXTERN = NO;
				GCC_WARN_64_TO_32_BIT_CONVERSION = YES;
				GCC_WARN_ABOUT_RETURN_TYPE = YES_ERROR;
				GCC_WARN_UNDECLARED_SELECTOR = YES;
				GCC_WARN_UNINITIALIZED_AUTOS = YES_AGGRESSIVE;
				GCC_WARN_UNUSED_FUNCTION = YES;
				GCC_WARN_UNUSED_VARIABLE = YES;
				IPHONEOS_DEPLOYMENT_TARGET = 8.4;
				MTL_ENABLE_DEBUG_INFO = YES;
				ONLY_ACTIVE_ARCH = YES;
				SDKROOT = iphoneos;
				SWIFT_OPTIMIZATION_LEVEL = "-Onone";
			};
			name = Debug;
		};
		6CE74B5E1BE81A3A00DEC871 /* Release */ = {
			isa = XCBuildConfiguration;
			buildSettings = {
				ALWAYS_SEARCH_USER_PATHS = NO;
				CLANG_CXX_LANGUAGE_STANDARD = "gnu++0x";
				CLANG_CXX_LIBRARY = "libc++";
				CLANG_ENABLE_MODULES = YES;
				CLANG_ENABLE_OBJC_ARC = YES;
				CLANG_WARN_BOOL_CONVERSION = YES;
				CLANG_WARN_CONSTANT_CONVERSION = YES;
				CLANG_WARN_DIRECT_OBJC_ISA_USAGE = YES_ERROR;
				CLANG_WARN_EMPTY_BODY = YES;
				CLANG_WARN_ENUM_CONVERSION = YES;
				CLANG_WARN_INT_CONVERSION = YES;
				CLANG_WARN_OBJC_ROOT_CLASS = YES_ERROR;
				CLANG_WARN_UNREACHABLE_CODE = YES;
				CLANG_WARN__DUPLICATE_METHOD_MATCH = YES;
				"CODE_SIGN_IDENTITY[sdk=iphoneos*]" = "iPhone Developer";
				COPY_PHASE_STRIP = NO;
				DEBUG_INFORMATION_FORMAT = "dwarf-with-dsym";
				ENABLE_NS_ASSERTIONS = NO;
				ENABLE_STRICT_OBJC_MSGSEND = YES;
				GCC_C_LANGUAGE_STANDARD = gnu99;
				GCC_NO_COMMON_BLOCKS = YES;
				GCC_WARN_64_TO_32_BIT_CONVERSION = YES;
				GCC_WARN_ABOUT_RETURN_TYPE = YES_ERROR;
				GCC_WARN_UNDECLARED_SELECTOR = YES;
				GCC_WARN_UNINITIALIZED_AUTOS = YES_AGGRESSIVE;
				GCC_WARN_UNUSED_FUNCTION = YES;
				GCC_WARN_UNUSED_VARIABLE = YES;
				IPHONEOS_DEPLOYMENT_TARGET = 8.4;
				MTL_ENABLE_DEBUG_INFO = NO;
				SDKROOT = iphoneos;
				VALIDATE_PRODUCT = YES;
			};
			name = Release;
		};
		6CE74B601BE81A3A00DEC871 /* Debug */ = {
			isa = XCBuildConfiguration;
			buildSettings = {
				ASSETCATALOG_COMPILER_APPICON_NAME = AppIcon;
				INFOPLIST_FILE = helloBillbo/Info.plist;
				LD_RUNPATH_SEARCH_PATHS = "$(inherited) @executable_path/Frameworks";
				PRODUCT_NAME = "$(TARGET_NAME)";
			};
			name = Debug;
		};
		6CE74B611BE81A3A00DEC871 /* Release */ = {
			isa = XCBuildConfiguration;
			buildSettings = {
				ASSETCATALOG_COMPILER_APPICON_NAME = AppIcon;
				INFOPLIST_FILE = helloBillbo/Info.plist;
				LD_RUNPATH_SEARCH_PATHS = "$(inherited) @executable_path/Frameworks";
				PRODUCT_NAME = "$(TARGET_NAME)";
			};
			name = Release;
		};
		6CE74B631BE81A3A00DEC871 /* Debug */ = {
			isa = XCBuildConfiguration;
			buildSettings = {
				BUNDLE_LOADER = "$(TEST_HOST)";
				FRAMEWORK_SEARCH_PATHS = (
					"$(SDKROOT)/Developer/Library/Frameworks",
					"$(inherited)",
				);
				GCC_PREPROCESSOR_DEFINITIONS = (
					"DEBUG=1",
					"$(inherited)",
				);
				INFOPLIST_FILE = helloBillboTests/Info.plist;
				LD_RUNPATH_SEARCH_PATHS = "$(inherited) @executable_path/Frameworks @loader_path/Frameworks";
				PRODUCT_NAME = "$(TARGET_NAME)";
				TEST_HOST = "$(BUILT_PRODUCTS_DIR)/helloBillbo.app/helloBillbo";
			};
			name = Debug;
		};
		6CE74B641BE81A3A00DEC871 /* Release */ = {
			isa = XCBuildConfiguration;
			buildSettings = {
				BUNDLE_LOADER = "$(TEST_HOST)";
				FRAMEWORK_SEARCH_PATHS = (
					"$(SDKROOT)/Developer/Library/Frameworks",
					"$(inherited)",
				);
				INFOPLIST_FILE = helloBillboTests/Info.plist;
				LD_RUNPATH_SEARCH_PATHS = "$(inherited) @executable_path/Frameworks @loader_path/Frameworks";
				PRODUCT_NAME = "$(TARGET_NAME)";
				TEST_HOST = "$(BUILT_PRODUCTS_DIR)/helloBillbo.app/helloBillbo";
			};
			name = Release;
		};
/* End XCBuildConfiguration section */

/* Begin XCConfigurationList section */
		6CE74B3B1BE81A3A00DEC871 /* Build configuration list for PBXProject "helloBillbo" */ = {
			isa = XCConfigurationList;
			buildConfigurations = (
				6CE74B5D1BE81A3A00DEC871 /* Debug */,
				6CE74B5E1BE81A3A00DEC871 /* Release */,
			);
			defaultConfigurationIsVisible = 0;
			defaultConfigurationName = Release;
		};
		6CE74B5F1BE81A3A00DEC871 /* Build configuration list for PBXNativeTarget "helloBillbo" */ = {
			isa = XCConfigurationList;
			buildConfigurations = (
				6CE74B601BE81A3A00DEC871 /* Debug */,
				6CE74B611BE81A3A00DEC871 /* Release */,
			);
			defaultConfigurationIsVisible = 0;
		};
		6CE74B621BE81A3A00DEC871 /* Build configuration list for PBXNativeTarget "helloBillboTests" */ = {
			isa = XCConfigurationList;
			buildConfigurations = (
				6CE74B631BE81A3A00DEC871 /* Debug */,
				6CE74B641BE81A3A00DEC871 /* Release */,
			);
			defaultConfigurationIsVisible = 0;
		};
/* End XCConfigurationList section */
	};
	rootObject = 6CE74B381BE81A3A00DEC871 /* Project object */;
}
